
Microsoft Visual Studio Solution File, Format Version 12.00
# Visual Studio Version 16
VisualStudioVersion = 16.0.30907.101
MinimumVisualStudioVersion = 10.0.40219.1
Project("{FAE04EC0-301F-11D3-BF4B-00C04F79EFBC}") = "quiz1", "quiz1\quiz1.csproj", "{6BC82672-D1D1-4F13-A5D7-EDD37824B1CB}"
EndProject
Global
	GlobalSection(SolutionConfigurationPlatforms) = preSolution
		Debug|Any CPU = Debug|Any CPU
		Release|Any CPU = Release|Any CPU
	EndGlobalSection
	GlobalSection(ProjectConfigurationPlatforms) = postSolution
		{6BC82672-D1D1-4F13-A5D7-EDD37824B1CB}.Debug|Any CPU.ActiveCfg = Debug|Any CPU
		{6BC82672-D1D1-4F13-A5D7-EDD37824B1CB}.Debug|Any CPU.Build.0 = Debug|Any CPU
		{6BC82672-D1D1-4F13-A5D7-EDD37824B1CB}.Release|Any CPU.ActiveCfg = Release|Any CPU
		{6BC82672-D1D1-4F13-A5D7-EDD37824B1CB}.Release|Any CPU.Build.0 = Release|Any CPU
	EndGlobalSection
	GlobalSection(SolutionProperties) = preSolution
		HideSolutionNode = FALSE
	EndGlobalSection
	GlobalSection(ExtensibilityGlobals) = postSolution
		SolutionGuid = {EB3DA622-68AA-4D89-973B-40DFDA6958C8}
	EndGlobalSection
EndGlobal
